
Microsoft Visual Studio Solution File, Format Version 12.00
# Visual Studio Version 17
VisualStudioVersion = 17.6.33723.286
MinimumVisualStudioVersion = 10.0.40219.1
Project("{FAE04EC0-301F-11D3-BF4B-00C04F79EFBC}") = "Matrices", "Matrices\Matrices.csproj", "{C03ED9CA-A83C-4CEC-B4D1-C78078AA02AA}"
EndProject
Global
	GlobalSection(SolutionConfigurationPlatforms) = preSolution
		Debug|Any CPU = Debug|Any CPU
		Release|Any CPU = Release|Any CPU
	EndGlobalSection
	GlobalSection(ProjectConfigurationPlatforms) = postSolution
		{C03ED9CA-A83C-4CEC-B4D1-C78078AA02AA}.Debug|Any CPU.ActiveCfg = Debug|Any CPU
		{C03ED9CA-A83C-4CEC-B4D1-C78078AA02AA}.Debug|Any CPU.Build.0 = Debug|Any CPU
		{C03ED9CA-A83C-4CEC-B4D1-C78078AA02AA}.Release|Any CPU.ActiveCfg = Release|Any CPU
		{C03ED9CA-A83C-4CEC-B4D1-C78078AA02AA}.Release|Any CPU.Build.0 = Release|Any CPU
	EndGlobalSection
	GlobalSection(SolutionProperties) = preSolution
		HideSolutionNode = FALSE
	EndGlobalSection
	GlobalSection(ExtensibilityGlobals) = postSolution
		SolutionGuid = {3BE24B15-EBB9-41E1-A3E0-FE2B39DCAD58}
	EndGlobalSection
EndGlobal
