
Microsoft Visual Studio Solution File, Format Version 12.00
# Visual Studio Version 17
VisualStudioVersion = 17.6.33723.286
MinimumVisualStudioVersion = 10.0.40219.1
Project("{FAE04EC0-301F-11D3-BF4B-00C04F79EFBC}") = "EmployeeTaxCalculator", "EmployeeTaxCalculator\EmployeeTaxCalculator.csproj", "{37C2A7EA-B5D0-4C68-B255-D55ECD0B149C}"
EndProject
Global
	GlobalSection(SolutionConfigurationPlatforms) = preSolution
		Debug|Any CPU = Debug|Any CPU
		Release|Any CPU = Release|Any CPU
	EndGlobalSection
	GlobalSection(ProjectConfigurationPlatforms) = postSolution
		{37C2A7EA-B5D0-4C68-B255-D55ECD0B149C}.Debug|Any CPU.ActiveCfg = Debug|Any CPU
		{37C2A7EA-B5D0-4C68-B255-D55ECD0B149C}.Debug|Any CPU.Build.0 = Debug|Any CPU
		{37C2A7EA-B5D0-4C68-B255-D55ECD0B149C}.Release|Any CPU.ActiveCfg = Release|Any CPU
		{37C2A7EA-B5D0-4C68-B255-D55ECD0B149C}.Release|Any CPU.Build.0 = Release|Any CPU
	EndGlobalSection
	GlobalSection(SolutionProperties) = preSolution
		HideSolutionNode = FALSE
	EndGlobalSection
	GlobalSection(ExtensibilityGlobals) = postSolution
		SolutionGuid = {38B04B04-D1D2-41F1-A50B-C26515E7AB91}
	EndGlobalSection
EndGlobal
